
Microsoft Visual Studio Solution File, Format Version 12.00
# Visual Studio Version 17
VisualStudioVersion = 17.8.34525.116
MinimumVisualStudioVersion = 10.0.40219.1
Project("{9A19103F-16F7-4668-BE54-9A1E7A4F7556}") = "Web.API", "Web.API\Web.API.csproj", "{34AF65B2-443A-4BBF-BA88-BB4081E3E22A}"
EndProject
Project("{9A19103F-16F7-4668-BE54-9A1E7A4F7556}") = "Data", "Data\Data.csproj", "{8C242A42-0C65-408F-9732-5E0DEC227467}"
EndProject
Project("{9A19103F-16F7-4668-BE54-9A1E7A4F7556}") = "Service", "Service\Service.csproj", "{3836CFF7-C5B9-464C-9290-AD926E1B3001}"
EndProject
Project("{9A19103F-16F7-4668-BE54-9A1E7A4F7556}") = "MVC", "MVC\MVC.csproj", "{CD97E401-1DD5-434B-809C-99F1C64C168A}"
EndProject
Global
	GlobalSection(SolutionConfigurationPlatforms) = preSolution
		Debug|Any CPU = Debug|Any CPU
		Release|Any CPU = Release|Any CPU
	EndGlobalSection
	GlobalSection(ProjectConfigurationPlatforms) = postSolution
		{34AF65B2-443A-4BBF-BA88-BB4081E3E22A}.Debug|Any CPU.ActiveCfg = Debug|Any CPU
		{34AF65B2-443A-4BBF-BA88-BB4081E3E22A}.Debug|Any CPU.Build.0 = Debug|Any CPU
		{34AF65B2-443A-4BBF-BA88-BB4081E3E22A}.Release|Any CPU.ActiveCfg = Release|Any CPU
		{34AF65B2-443A-4BBF-BA88-BB4081E3E22A}.Release|Any CPU.Build.0 = Release|Any CPU
		{8C242A42-0C65-408F-9732-5E0DEC227467}.Debug|Any CPU.ActiveCfg = Debug|Any CPU
		{8C242A42-0C65-408F-9732-5E0DEC227467}.Debug|Any CPU.Build.0 = Debug|Any CPU
		{8C242A42-0C65-408F-9732-5E0DEC227467}.Release|Any CPU.ActiveCfg = Release|Any CPU
		{8C242A42-0C65-408F-9732-5E0DEC227467}.Release|Any CPU.Build.0 = Release|Any CPU
		{3836CFF7-C5B9-464C-9290-AD926E1B3001}.Debug|Any CPU.ActiveCfg = Debug|Any CPU
		{3836CFF7-C5B9-464C-9290-AD926E1B3001}.Debug|Any CPU.Build.0 = Debug|Any CPU
		{3836CFF7-C5B9-464C-9290-AD926E1B3001}.Release|Any CPU.ActiveCfg = Release|Any CPU
		{3836CFF7-C5B9-464C-9290-AD926E1B3001}.Release|Any CPU.Build.0 = Release|Any CPU
		{CD97E401-1DD5-434B-809C-99F1C64C168A}.Debug|Any CPU.ActiveCfg = Debug|Any CPU
		{CD97E401-1DD5-434B-809C-99F1C64C168A}.Debug|Any CPU.Build.0 = Debug|Any CPU
		{CD97E401-1DD5-434B-809C-99F1C64C168A}.Release|Any CPU.ActiveCfg = Release|Any CPU
		{CD97E401-1DD5-434B-809C-99F1C64C168A}.Release|Any CPU.Build.0 = Release|Any CPU
	EndGlobalSection
	GlobalSection(SolutionProperties) = preSolution
		HideSolutionNode = FALSE
	EndGlobalSection
	GlobalSection(ExtensibilityGlobals) = postSolution
		SolutionGuid = {AB14887D-6F65-49AF-904D-F2A452D74551}
	EndGlobalSection
EndGlobal
